
Microsoft Visual Studio Solution File, Format Version 12.00
# Visual Studio Version 16
VisualStudioVersion = 16.0.30413.136
MinimumVisualStudioVersion = 10.0.40219.1
Project("{FAE04EC0-301F-11D3-BF4B-00C04F79EFBC}") = "RevengerProject3", "RevengerProject3\RevengerProject3.csproj", "{8E731919-5939-4602-8E8E-BB6F3ACC4160}"
EndProject
Global
	GlobalSection(SolutionConfigurationPlatforms) = preSolution
		Debug|Any CPU = Debug|Any CPU
		Release|Any CPU = Release|Any CPU
	EndGlobalSection
	GlobalSection(ProjectConfigurationPlatforms) = postSolution
		{8E731919-5939-4602-8E8E-BB6F3ACC4160}.Debug|Any CPU.ActiveCfg = Debug|Any CPU
		{8E731919-5939-4602-8E8E-BB6F3ACC4160}.Debug|Any CPU.Build.0 = Debug|Any CPU
		{8E731919-5939-4602-8E8E-BB6F3ACC4160}.Release|Any CPU.ActiveCfg = Release|Any CPU
		{8E731919-5939-4602-8E8E-BB6F3ACC4160}.Release|Any CPU.Build.0 = Release|Any CPU
	EndGlobalSection
	GlobalSection(SolutionProperties) = preSolution
		HideSolutionNode = FALSE
	EndGlobalSection
	GlobalSection(ExtensibilityGlobals) = postSolution
		SolutionGuid = {B9F918DD-CE62-4727-A710-2799B3EA0482}
	EndGlobalSection
EndGlobal
