
Microsoft Visual Studio Solution File, Format Version 12.00
# Visual Studio Version 16
VisualStudioVersion = 16.0.31129.286
MinimumVisualStudioVersion = 10.0.40219.1
Project("{FAE04EC0-301F-11D3-BF4B-00C04F79EFBC}") = "Start Screen and Game Screen", "Start Screen and Game Screen.csproj", "{34B9287C-7705-4A17-A436-61846E0C8275}"
EndProject
Global
	GlobalSection(SolutionConfigurationPlatforms) = preSolution
		Debug|Any CPU = Debug|Any CPU
		Release|Any CPU = Release|Any CPU
	EndGlobalSection
	GlobalSection(ProjectConfigurationPlatforms) = postSolution
		{34B9287C-7705-4A17-A436-61846E0C8275}.Debug|Any CPU.ActiveCfg = Debug|Any CPU
		{34B9287C-7705-4A17-A436-61846E0C8275}.Debug|Any CPU.Build.0 = Debug|Any CPU
		{34B9287C-7705-4A17-A436-61846E0C8275}.Release|Any CPU.ActiveCfg = Release|Any CPU
		{34B9287C-7705-4A17-A436-61846E0C8275}.Release|Any CPU.Build.0 = Release|Any CPU
	EndGlobalSection
	GlobalSection(SolutionProperties) = preSolution
		HideSolutionNode = FALSE
	EndGlobalSection
	GlobalSection(ExtensibilityGlobals) = postSolution
		SolutionGuid = {68898ACA-7DDB-4494-91F1-38B034972E68}
	EndGlobalSection
EndGlobal
